
Microsoft Visual Studio Solution File, Format Version 12.00
# Visual Studio 15
VisualStudioVersion = 15.0.28010.2036
MinimumVisualStudioVersion = 10.0.40219.1
Project("{FAE04EC0-301F-11D3-BF4B-00C04F79EFBC}") = "OddOneOut_ShahShahid", "OddOneOut_ShahShahid\OddOneOut_ShahShahid.csproj", "{5CFEA282-F5E6-4185-926F-74F1D8CB8A46}"
EndProject
Global
	GlobalSection(SolutionConfigurationPlatforms) = preSolution
		Debug|Any CPU = Debug|Any CPU
		Release|Any CPU = Release|Any CPU
	EndGlobalSection
	GlobalSection(ProjectConfigurationPlatforms) = postSolution
		{5CFEA282-F5E6-4185-926F-74F1D8CB8A46}.Debug|Any CPU.ActiveCfg = Debug|Any CPU
		{5CFEA282-F5E6-4185-926F-74F1D8CB8A46}.Debug|Any CPU.Build.0 = Debug|Any CPU
		{5CFEA282-F5E6-4185-926F-74F1D8CB8A46}.Release|Any CPU.ActiveCfg = Release|Any CPU
		{5CFEA282-F5E6-4185-926F-74F1D8CB8A46}.Release|Any CPU.Build.0 = Release|Any CPU
	EndGlobalSection
	GlobalSection(SolutionProperties) = preSolution
		HideSolutionNode = FALSE
	EndGlobalSection
	GlobalSection(ExtensibilityGlobals) = postSolution
		SolutionGuid = {AB42AA8D-9AD9-4D6D-BB22-6FA98A2F4BE9}
	EndGlobalSection
EndGlobal
