
Microsoft Visual Studio Solution File, Format Version 12.00
# Visual Studio 15
VisualStudioVersion = 15.0.28010.2036
MinimumVisualStudioVersion = 10.0.40219.1
Project("{FAE04EC0-301F-11D3-BF4B-00C04F79EFBC}") = "TheSecondDimension_ShahShahid", "TheSecondDimension_ShahShahid\TheSecondDimension_ShahShahid.csproj", "{4C648CA1-5E06-47FF-BE6A-93174FABE3C2}"
EndProject
Global
	GlobalSection(SolutionConfigurationPlatforms) = preSolution
		Debug|Any CPU = Debug|Any CPU
		Release|Any CPU = Release|Any CPU
	EndGlobalSection
	GlobalSection(ProjectConfigurationPlatforms) = postSolution
		{4C648CA1-5E06-47FF-BE6A-93174FABE3C2}.Debug|Any CPU.ActiveCfg = Debug|Any CPU
		{4C648CA1-5E06-47FF-BE6A-93174FABE3C2}.Debug|Any CPU.Build.0 = Debug|Any CPU
		{4C648CA1-5E06-47FF-BE6A-93174FABE3C2}.Release|Any CPU.ActiveCfg = Release|Any CPU
		{4C648CA1-5E06-47FF-BE6A-93174FABE3C2}.Release|Any CPU.Build.0 = Release|Any CPU
	EndGlobalSection
	GlobalSection(SolutionProperties) = preSolution
		HideSolutionNode = FALSE
	EndGlobalSection
	GlobalSection(ExtensibilityGlobals) = postSolution
		SolutionGuid = {CD0BEDC4-B434-4498-8CB7-A067CD1F9DAF}
	EndGlobalSection
EndGlobal
